
Microsoft Visual Studio Solution File, Format Version 12.00
# Visual Studio Version 17
VisualStudioVersion = 17.4.33122.133
MinimumVisualStudioVersion = 10.0.40219.1
Project("{FAE04EC0-301F-11D3-BF4B-00C04F79EFBC}") = "EducationApp", "EducationApp.csproj", "{77BD7CBD-249F-4087-A9CD-D3DCD6FA82BD}"
EndProject
Global
	GlobalSection(SolutionConfigurationPlatforms) = preSolution
		Debug|Any CPU = Debug|Any CPU
		Release|Any CPU = Release|Any CPU
	EndGlobalSection
	GlobalSection(ProjectConfigurationPlatforms) = postSolution
		{77BD7CBD-249F-4087-A9CD-D3DCD6FA82BD}.Debug|Any CPU.ActiveCfg = Debug|Any CPU
		{77BD7CBD-249F-4087-A9CD-D3DCD6FA82BD}.Debug|Any CPU.Build.0 = Debug|Any CPU
		{77BD7CBD-249F-4087-A9CD-D3DCD6FA82BD}.Release|Any CPU.ActiveCfg = Release|Any CPU
		{77BD7CBD-249F-4087-A9CD-D3DCD6FA82BD}.Release|Any CPU.Build.0 = Release|Any CPU
	EndGlobalSection
	GlobalSection(SolutionProperties) = preSolution
		HideSolutionNode = FALSE
	EndGlobalSection
	GlobalSection(ExtensibilityGlobals) = postSolution
		SolutionGuid = {9A322D63-7831-44F9-A81A-8652C6EF6DD5}
	EndGlobalSection
EndGlobal
